
Microsoft Visual Studio Solution File, Format Version 12.00
# Visual Studio Version 17
VisualStudioVersion = 17.9.34310.174
MinimumVisualStudioVersion = 10.0.40219.1
Project("{2150E333-8FDC-42A3-9474-1A3956D46DE8}") = "Source", "Source", "{D801D8D7-0100-42F3-9F18-FBC2DBFC2799}"
EndProject
Project("{2150E333-8FDC-42A3-9474-1A3956D46DE8}") = "Platforms", "Platforms", "{828C5600-75F9-4A4D-AA06-A004C30A85E0}"
EndProject
Project("{2150E333-8FDC-42A3-9474-1A3956D46DE8}") = "Tests", "Tests", "{E7FE0254-CA99-482E-94C4-C1AD10937D25}"
EndProject
Project("{9A19103F-16F7-4668-BE54-9A1E7A4F7556}") = "UnoFlipviewBugReproduce", "UnoFlipviewBugReproduce\UnoFlipviewBugReproduce\UnoFlipviewBugReproduce.csproj", "{3B71502A-F5BA-4C8E-977B-4AF04CCB7056}"
EndProject
Project("{9A19103F-16F7-4668-BE54-9A1E7A4F7556}") = "UnoFlipviewBugReproduce.Tests", "UnoFlipviewBugReproduce\UnoFlipviewBugReproduce.Tests\UnoFlipviewBugReproduce.Tests.csproj", "{BD14829F-87AA-4B98-B7D0-4459130B5ADC}"
EndProject
Project("{9A19103F-16F7-4668-BE54-9A1E7A4F7556}") = "UnoFlipviewBugReproduce.UITests", "UnoFlipviewBugReproduce\UnoFlipviewBugReproduce.UITests\UnoFlipviewBugReproduce.UITests.csproj", "{F69C3DAE-1833-4F2C-9BC8-8166E36B23E9}"
EndProject
Project("{9A19103F-16F7-4668-BE54-9A1E7A4F7556}") = "UnoFlipviewBugReproduce.Base", "UnoFlipviewBugReproduce\UnoFlipviewBugReproduce.Base\UnoFlipviewBugReproduce.Base.csproj", "{34B20554-0C5D-48E6-81AD-B45C132F574C}"
EndProject
Project("{9A19103F-16F7-4668-BE54-9A1E7A4F7556}") = "UnoFlipviewBugReproduce.Mobile", "UnoFlipviewBugReproduce\UnoFlipviewBugReproduce.Mobile\UnoFlipviewBugReproduce.Mobile.csproj", "{5C53B1A9-063C-453C-AB0E-D6F376AEF787}"
EndProject
Project("{9A19103F-16F7-4668-BE54-9A1E7A4F7556}") = "UnoFlipviewBugReproduce.Windows", "UnoFlipviewBugReproduce\UnoFlipviewBugReproduce.Windows\UnoFlipviewBugReproduce.Windows.csproj", "{D6B1E57A-2532-48A7-8AE4-272972F75B72}"
EndProject
Project("{9A19103F-16F7-4668-BE54-9A1E7A4F7556}") = "UnoFlipviewBugReproduce.Wasm", "UnoFlipviewBugReproduce\UnoFlipviewBugReproduce.Wasm\UnoFlipviewBugReproduce.Wasm.csproj", "{4D817710-8625-4B02-B2BF-FAFA417AC003}"
EndProject
Project("{9A19103F-16F7-4668-BE54-9A1E7A4F7556}") = "UnoFlipviewBugReproduce.Skia.Gtk", "UnoFlipviewBugReproduce\UnoFlipviewBugReproduce.Skia.Gtk\UnoFlipviewBugReproduce.Skia.Gtk.csproj", "{8052256A-9A64-4158-8FFF-4721B38E3C17}"
EndProject
Project("{2150E333-8FDC-42A3-9474-1A3956D46DE8}") = "Solution Items", "Solution Items", "{A64607A7-6FAC-44B4-AE45-E15DEFEE509A}"
	ProjectSection(SolutionItems) = preProject
		UnoFlipviewBugReproduce\.gitignore = UnoFlipviewBugReproduce\.gitignore
		UnoFlipviewBugReproduce\Directory.Build.props = UnoFlipviewBugReproduce\Directory.Build.props
		UnoFlipviewBugReproduce\Directory.Build.targets = UnoFlipviewBugReproduce\Directory.Build.targets
		UnoFlipviewBugReproduce\Directory.Packages.props = UnoFlipviewBugReproduce\Directory.Packages.props
		UnoFlipviewBugReproduce\solution-config.props.sample = UnoFlipviewBugReproduce\solution-config.props.sample
	EndProjectSection
EndProject
Global
	GlobalSection(SolutionConfigurationPlatforms) = preSolution
		Debug|Any CPU = Debug|Any CPU
		Debug|arm64 = Debug|arm64
		Debug|x64 = Debug|x64
		Debug|x86 = Debug|x86
		Release|Any CPU = Release|Any CPU
		Release|arm64 = Release|arm64
		Release|x64 = Release|x64
		Release|x86 = Release|x86
	EndGlobalSection
	GlobalSection(ProjectConfigurationPlatforms) = postSolution
		{3B71502A-F5BA-4C8E-977B-4AF04CCB7056}.Debug|Any CPU.ActiveCfg = Debug|Any CPU
		{3B71502A-F5BA-4C8E-977B-4AF04CCB7056}.Debug|Any CPU.Build.0 = Debug|Any CPU
		{3B71502A-F5BA-4C8E-977B-4AF04CCB7056}.Debug|arm64.ActiveCfg = Debug|Any CPU
		{3B71502A-F5BA-4C8E-977B-4AF04CCB7056}.Debug|arm64.Build.0 = Debug|Any CPU
		{3B71502A-F5BA-4C8E-977B-4AF04CCB7056}.Debug|x64.ActiveCfg = Debug|Any CPU
		{3B71502A-F5BA-4C8E-977B-4AF04CCB7056}.Debug|x64.Build.0 = Debug|Any CPU
		{3B71502A-F5BA-4C8E-977B-4AF04CCB7056}.Debug|x86.ActiveCfg = Debug|Any CPU
		{3B71502A-F5BA-4C8E-977B-4AF04CCB7056}.Debug|x86.Build.0 = Debug|Any CPU
		{3B71502A-F5BA-4C8E-977B-4AF04CCB7056}.Release|Any CPU.ActiveCfg = Release|Any CPU
		{3B71502A-F5BA-4C8E-977B-4AF04CCB7056}.Release|Any CPU.Build.0 = Release|Any CPU
		{3B71502A-F5BA-4C8E-977B-4AF04CCB7056}.Release|arm64.ActiveCfg = Release|Any CPU
		{3B71502A-F5BA-4C8E-977B-4AF04CCB7056}.Release|arm64.Build.0 = Release|Any CPU
		{3B71502A-F5BA-4C8E-977B-4AF04CCB7056}.Release|x64.ActiveCfg = Release|Any CPU
		{3B71502A-F5BA-4C8E-977B-4AF04CCB7056}.Release|x64.Build.0 = Release|Any CPU
		{3B71502A-F5BA-4C8E-977B-4AF04CCB7056}.Release|x86.ActiveCfg = Release|Any CPU
		{3B71502A-F5BA-4C8E-977B-4AF04CCB7056}.Release|x86.Build.0 = Release|Any CPU
		{BD14829F-87AA-4B98-B7D0-4459130B5ADC}.Debug|Any CPU.ActiveCfg = Debug|Any CPU
		{BD14829F-87AA-4B98-B7D0-4459130B5ADC}.Debug|Any CPU.Build.0 = Debug|Any CPU
		{BD14829F-87AA-4B98-B7D0-4459130B5ADC}.Debug|arm64.ActiveCfg = Debug|Any CPU
		{BD14829F-87AA-4B98-B7D0-4459130B5ADC}.Debug|arm64.Build.0 = Debug|Any CPU
		{BD14829F-87AA-4B98-B7D0-4459130B5ADC}.Debug|x64.ActiveCfg = Debug|Any CPU
		{BD14829F-87AA-4B98-B7D0-4459130B5ADC}.Debug|x64.Build.0 = Debug|Any CPU
		{BD14829F-87AA-4B98-B7D0-4459130B5ADC}.Debug|x86.ActiveCfg = Debug|Any CPU
		{BD14829F-87AA-4B98-B7D0-4459130B5ADC}.Debug|x86.Build.0 = Debug|Any CPU
		{BD14829F-87AA-4B98-B7D0-4459130B5ADC}.Release|Any CPU.ActiveCfg = Release|Any CPU
		{BD14829F-87AA-4B98-B7D0-4459130B5ADC}.Release|Any CPU.Build.0 = Release|Any CPU
		{BD14829F-87AA-4B98-B7D0-4459130B5ADC}.Release|arm64.ActiveCfg = Release|Any CPU
		{BD14829F-87AA-4B98-B7D0-4459130B5ADC}.Release|arm64.Build.0 = Release|Any CPU
		{BD14829F-87AA-4B98-B7D0-4459130B5ADC}.Release|x64.ActiveCfg = Release|Any CPU
		{BD14829F-87AA-4B98-B7D0-4459130B5ADC}.Release|x64.Build.0 = Release|Any CPU
		{BD14829F-87AA-4B98-B7D0-4459130B5ADC}.Release|x86.ActiveCfg = Release|Any CPU
		{BD14829F-87AA-4B98-B7D0-4459130B5ADC}.Release|x86.Build.0 = Release|Any CPU
		{F69C3DAE-1833-4F2C-9BC8-8166E36B23E9}.Debug|Any CPU.ActiveCfg = Debug|Any CPU
		{F69C3DAE-1833-4F2C-9BC8-8166E36B23E9}.Debug|Any CPU.Build.0 = Debug|Any CPU
		{F69C3DAE-1833-4F2C-9BC8-8166E36B23E9}.Debug|arm64.ActiveCfg = Debug|Any CPU
		{F69C3DAE-1833-4F2C-9BC8-8166E36B23E9}.Debug|arm64.Build.0 = Debug|Any CPU
		{F69C3DAE-1833-4F2C-9BC8-8166E36B23E9}.Debug|x64.ActiveCfg = Debug|Any CPU
		{F69C3DAE-1833-4F2C-9BC8-8166E36B23E9}.Debug|x64.Build.0 = Debug|Any CPU
		{F69C3DAE-1833-4F2C-9BC8-8166E36B23E9}.Debug|x86.ActiveCfg = Debug|Any CPU
		{F69C3DAE-1833-4F2C-9BC8-8166E36B23E9}.Debug|x86.Build.0 = Debug|Any CPU
		{F69C3DAE-1833-4F2C-9BC8-8166E36B23E9}.Release|Any CPU.ActiveCfg = Release|Any CPU
		{F69C3DAE-1833-4F2C-9BC8-8166E36B23E9}.Release|Any CPU.Build.0 = Release|Any CPU
		{F69C3DAE-1833-4F2C-9BC8-8166E36B23E9}.Release|arm64.ActiveCfg = Release|Any CPU
		{F69C3DAE-1833-4F2C-9BC8-8166E36B23E9}.Release|arm64.Build.0 = Release|Any CPU
		{F69C3DAE-1833-4F2C-9BC8-8166E36B23E9}.Release|x64.ActiveCfg = Release|Any CPU
		{F69C3DAE-1833-4F2C-9BC8-8166E36B23E9}.Release|x64.Build.0 = Release|Any CPU
		{F69C3DAE-1833-4F2C-9BC8-8166E36B23E9}.Release|x86.ActiveCfg = Release|Any CPU
		{F69C3DAE-1833-4F2C-9BC8-8166E36B23E9}.Release|x86.Build.0 = Release|Any CPU
		{34B20554-0C5D-48E6-81AD-B45C132F574C}.Debug|Any CPU.ActiveCfg = Debug|Any CPU
		{34B20554-0C5D-48E6-81AD-B45C132F574C}.Debug|Any CPU.Build.0 = Debug|Any CPU
		{34B20554-0C5D-48E6-81AD-B45C132F574C}.Debug|arm64.ActiveCfg = Debug|Any CPU
		{34B20554-0C5D-48E6-81AD-B45C132F574C}.Debug|arm64.Build.0 = Debug|Any CPU
		{34B20554-0C5D-48E6-81AD-B45C132F574C}.Debug|x64.ActiveCfg = Debug|Any CPU
		{34B20554-0C5D-48E6-81AD-B45C132F574C}.Debug|x64.Build.0 = Debug|Any CPU
		{34B20554-0C5D-48E6-81AD-B45C132F574C}.Debug|x86.ActiveCfg = Debug|Any CPU
		{34B20554-0C5D-48E6-81AD-B45C132F574C}.Debug|x86.Build.0 = Debug|Any CPU
		{34B20554-0C5D-48E6-81AD-B45C132F574C}.Release|Any CPU.ActiveCfg = Release|Any CPU
		{34B20554-0C5D-48E6-81AD-B45C132F574C}.Release|Any CPU.Build.0 = Release|Any CPU
		{34B20554-0C5D-48E6-81AD-B45C132F574C}.Release|arm64.ActiveCfg = Release|Any CPU
		{34B20554-0C5D-48E6-81AD-B45C132F574C}.Release|arm64.Build.0 = Release|Any CPU
		{34B20554-0C5D-48E6-81AD-B45C132F574C}.Release|x64.ActiveCfg = Release|Any CPU
		{34B20554-0C5D-48E6-81AD-B45C132F574C}.Release|x64.Build.0 = Release|Any CPU
		{34B20554-0C5D-48E6-81AD-B45C132F574C}.Release|x86.ActiveCfg = Release|Any CPU
		{34B20554-0C5D-48E6-81AD-B45C132F574C}.Release|x86.Build.0 = Release|Any CPU
		{5C53B1A9-063C-453C-AB0E-D6F376AEF787}.Debug|Any CPU.ActiveCfg = Debug|Any CPU
		{5C53B1A9-063C-453C-AB0E-D6F376AEF787}.Debug|Any CPU.Build.0 = Debug|Any CPU
		{5C53B1A9-063C-453C-AB0E-D6F376AEF787}.Debug|Any CPU.Deploy.0 = Debug|Any CPU
		{5C53B1A9-063C-453C-AB0E-D6F376AEF787}.Debug|arm64.ActiveCfg = Debug|Any CPU
		{5C53B1A9-063C-453C-AB0E-D6F376AEF787}.Debug|arm64.Build.0 = Debug|Any CPU
		{5C53B1A9-063C-453C-AB0E-D6F376AEF787}.Debug|arm64.Deploy.0 = Debug|Any CPU
		{5C53B1A9-063C-453C-AB0E-D6F376AEF787}.Debug|x64.ActiveCfg = Debug|Any CPU
		{5C53B1A9-063C-453C-AB0E-D6F376AEF787}.Debug|x64.Build.0 = Debug|Any CPU
		{5C53B1A9-063C-453C-AB0E-D6F376AEF787}.Debug|x64.Deploy.0 = Debug|Any CPU
		{5C53B1A9-063C-453C-AB0E-D6F376AEF787}.Debug|x86.ActiveCfg = Debug|Any CPU
		{5C53B1A9-063C-453C-AB0E-D6F376AEF787}.Debug|x86.Build.0 = Debug|Any CPU
		{5C53B1A9-063C-453C-AB0E-D6F376AEF787}.Debug|x86.Deploy.0 = Debug|Any CPU
		{5C53B1A9-063C-453C-AB0E-D6F376AEF787}.Release|Any CPU.ActiveCfg = Release|Any CPU
		{5C53B1A9-063C-453C-AB0E-D6F376AEF787}.Release|Any CPU.Build.0 = Release|Any CPU
		{5C53B1A9-063C-453C-AB0E-D6F376AEF787}.Release|Any CPU.Deploy.0 = Release|Any CPU
		{5C53B1A9-063C-453C-AB0E-D6F376AEF787}.Release|arm64.ActiveCfg = Release|Any CPU
		{5C53B1A9-063C-453C-AB0E-D6F376AEF787}.Release|arm64.Build.0 = Release|Any CPU
		{5C53B1A9-063C-453C-AB0E-D6F376AEF787}.Release|arm64.Deploy.0 = Release|Any CPU
		{5C53B1A9-063C-453C-AB0E-D6F376AEF787}.Release|x64.ActiveCfg = Release|Any CPU
		{5C53B1A9-063C-453C-AB0E-D6F376AEF787}.Release|x64.Build.0 = Release|Any CPU
		{5C53B1A9-063C-453C-AB0E-D6F376AEF787}.Release|x64.Deploy.0 = Release|Any CPU
		{5C53B1A9-063C-453C-AB0E-D6F376AEF787}.Release|x86.ActiveCfg = Release|Any CPU
		{5C53B1A9-063C-453C-AB0E-D6F376AEF787}.Release|x86.Build.0 = Release|Any CPU
		{5C53B1A9-063C-453C-AB0E-D6F376AEF787}.Release|x86.Deploy.0 = Release|Any CPU
		{D6B1E57A-2532-48A7-8AE4-272972F75B72}.Debug|Any CPU.ActiveCfg = Debug|x64
		{D6B1E57A-2532-48A7-8AE4-272972F75B72}.Debug|Any CPU.Build.0 = Debug|x64
		{D6B1E57A-2532-48A7-8AE4-272972F75B72}.Debug|Any CPU.Deploy.0 = Debug|x64
		{D6B1E57A-2532-48A7-8AE4-272972F75B72}.Debug|arm64.ActiveCfg = Debug|arm64
		{D6B1E57A-2532-48A7-8AE4-272972F75B72}.Debug|arm64.Build.0 = Debug|arm64
		{D6B1E57A-2532-48A7-8AE4-272972F75B72}.Debug|arm64.Deploy.0 = Debug|arm64
		{D6B1E57A-2532-48A7-8AE4-272972F75B72}.Debug|x64.ActiveCfg = Debug|x64
		{D6B1E57A-2532-48A7-8AE4-272972F75B72}.Debug|x64.Build.0 = Debug|x64
		{D6B1E57A-2532-48A7-8AE4-272972F75B72}.Debug|x64.Deploy.0 = Debug|x64
		{D6B1E57A-2532-48A7-8AE4-272972F75B72}.Debug|x86.ActiveCfg = Debug|x86
		{D6B1E57A-2532-48A7-8AE4-272972F75B72}.Debug|x86.Build.0 = Debug|x86
		{D6B1E57A-2532-48A7-8AE4-272972F75B72}.Debug|x86.Deploy.0 = Debug|x86
		{D6B1E57A-2532-48A7-8AE4-272972F75B72}.Release|Any CPU.ActiveCfg = Release|x64
		{D6B1E57A-2532-48A7-8AE4-272972F75B72}.Release|Any CPU.Build.0 = Release|x64
		{D6B1E57A-2532-48A7-8AE4-272972F75B72}.Release|Any CPU.Deploy.0 = Release|x64
		{D6B1E57A-2532-48A7-8AE4-272972F75B72}.Release|arm64.ActiveCfg = Release|arm64
		{D6B1E57A-2532-48A7-8AE4-272972F75B72}.Release|arm64.Build.0 = Release|arm64
		{D6B1E57A-2532-48A7-8AE4-272972F75B72}.Release|arm64.Deploy.0 = Release|arm64
		{D6B1E57A-2532-48A7-8AE4-272972F75B72}.Release|x64.ActiveCfg = Release|x64
		{D6B1E57A-2532-48A7-8AE4-272972F75B72}.Release|x64.Build.0 = Release|x64
		{D6B1E57A-2532-48A7-8AE4-272972F75B72}.Release|x64.Deploy.0 = Release|x64
		{D6B1E57A-2532-48A7-8AE4-272972F75B72}.Release|x86.ActiveCfg = Release|x86
		{D6B1E57A-2532-48A7-8AE4-272972F75B72}.Release|x86.Build.0 = Release|x86
		{D6B1E57A-2532-48A7-8AE4-272972F75B72}.Release|x86.Deploy.0 = Release|x86
		{4D817710-8625-4B02-B2BF-FAFA417AC003}.Debug|Any CPU.ActiveCfg = Debug|Any CPU
		{4D817710-8625-4B02-B2BF-FAFA417AC003}.Debug|Any CPU.Build.0 = Debug|Any CPU
		{4D817710-8625-4B02-B2BF-FAFA417AC003}.Debug|arm64.ActiveCfg = Debug|Any CPU
		{4D817710-8625-4B02-B2BF-FAFA417AC003}.Debug|arm64.Build.0 = Debug|Any CPU
		{4D817710-8625-4B02-B2BF-FAFA417AC003}.Debug|x64.ActiveCfg = Debug|Any CPU
		{4D817710-8625-4B02-B2BF-FAFA417AC003}.Debug|x64.Build.0 = Debug|Any CPU
		{4D817710-8625-4B02-B2BF-FAFA417AC003}.Debug|x86.ActiveCfg = Debug|Any CPU
		{4D817710-8625-4B02-B2BF-FAFA417AC003}.Debug|x86.Build.0 = Debug|Any CPU
		{4D817710-8625-4B02-B2BF-FAFA417AC003}.Release|Any CPU.ActiveCfg = Release|Any CPU
		{4D817710-8625-4B02-B2BF-FAFA417AC003}.Release|Any CPU.Build.0 = Release|Any CPU
		{4D817710-8625-4B02-B2BF-FAFA417AC003}.Release|arm64.ActiveCfg = Release|Any CPU
		{4D817710-8625-4B02-B2BF-FAFA417AC003}.Release|arm64.Build.0 = Release|Any CPU
		{4D817710-8625-4B02-B2BF-FAFA417AC003}.Release|x64.ActiveCfg = Release|Any CPU
		{4D817710-8625-4B02-B2BF-FAFA417AC003}.Release|x64.Build.0 = Release|Any CPU
		{4D817710-8625-4B02-B2BF-FAFA417AC003}.Release|x86.ActiveCfg = Release|Any CPU
		{4D817710-8625-4B02-B2BF-FAFA417AC003}.Release|x86.Build.0 = Release|Any CPU
		{8052256A-9A64-4158-8FFF-4721B38E3C17}.Debug|Any CPU.ActiveCfg = Debug|Any CPU
		{8052256A-9A64-4158-8FFF-4721B38E3C17}.Debug|Any CPU.Build.0 = Debug|Any CPU
		{8052256A-9A64-4158-8FFF-4721B38E3C17}.Debug|arm64.ActiveCfg = Debug|Any CPU
		{8052256A-9A64-4158-8FFF-4721B38E3C17}.Debug|arm64.Build.0 = Debug|Any CPU
		{8052256A-9A64-4158-8FFF-4721B38E3C17}.Debug|x64.ActiveCfg = Debug|Any CPU
		{8052256A-9A64-4158-8FFF-4721B38E3C17}.Debug|x64.Build.0 = Debug|Any CPU
		{8052256A-9A64-4158-8FFF-4721B38E3C17}.Debug|x86.ActiveCfg = Debug|Any CPU
		{8052256A-9A64-4158-8FFF-4721B38E3C17}.Debug|x86.Build.0 = Debug|Any CPU
		{8052256A-9A64-4158-8FFF-4721B38E3C17}.Release|Any CPU.ActiveCfg = Release|Any CPU
		{8052256A-9A64-4158-8FFF-4721B38E3C17}.Release|Any CPU.Build.0 = Release|Any CPU
		{8052256A-9A64-4158-8FFF-4721B38E3C17}.Release|arm64.ActiveCfg = Release|Any CPU
		{8052256A-9A64-4158-8FFF-4721B38E3C17}.Release|arm64.Build.0 = Release|Any CPU
		{8052256A-9A64-4158-8FFF-4721B38E3C17}.Release|x64.ActiveCfg = Release|Any CPU
		{8052256A-9A64-4158-8FFF-4721B38E3C17}.Release|x64.Build.0 = Release|Any CPU
		{8052256A-9A64-4158-8FFF-4721B38E3C17}.Release|x86.ActiveCfg = Release|Any CPU
		{8052256A-9A64-4158-8FFF-4721B38E3C17}.Release|x86.Build.0 = Release|Any CPU
	EndGlobalSection
	GlobalSection(SolutionProperties) = preSolution
		HideSolutionNode = FALSE
	EndGlobalSection
	GlobalSection(NestedProjects) = preSolution
		{828C5600-75F9-4A4D-AA06-A004C30A85E0} = {D801D8D7-0100-42F3-9F18-FBC2DBFC2799}
		{3B71502A-F5BA-4C8E-977B-4AF04CCB7056} = {D801D8D7-0100-42F3-9F18-FBC2DBFC2799}
		{BD14829F-87AA-4B98-B7D0-4459130B5ADC} = {E7FE0254-CA99-482E-94C4-C1AD10937D25}
		{F69C3DAE-1833-4F2C-9BC8-8166E36B23E9} = {E7FE0254-CA99-482E-94C4-C1AD10937D25}
		{34B20554-0C5D-48E6-81AD-B45C132F574C} = {828C5600-75F9-4A4D-AA06-A004C30A85E0}
		{5C53B1A9-063C-453C-AB0E-D6F376AEF787} = {828C5600-75F9-4A4D-AA06-A004C30A85E0}
		{D6B1E57A-2532-48A7-8AE4-272972F75B72} = {828C5600-75F9-4A4D-AA06-A004C30A85E0}
		{4D817710-8625-4B02-B2BF-FAFA417AC003} = {828C5600-75F9-4A4D-AA06-A004C30A85E0}
		{8052256A-9A64-4158-8FFF-4721B38E3C17} = {828C5600-75F9-4A4D-AA06-A004C30A85E0}
	EndGlobalSection
	GlobalSection(ExtensibilityGlobals) = postSolution
		SolutionGuid = {1AF60549-BE02-4588-AC49-4CBAC32B5ADB}
	EndGlobalSection
EndGlobal
